
Microsoft Visual Studio Solution File, Format Version 12.00
# Visual Studio Version 17
VisualStudioVersion = 17.7.34031.279
MinimumVisualStudioVersion = 10.0.40219.1
Project("{FAE04EC0-301F-11D3-BF4B-00C04F79EFBC}") = "practica 16", "practica 16\practica 16.csproj", "{95154FBF-701A-45EC-B9A0-6F7D3E43EEEA}"
EndProject
Global
	GlobalSection(SolutionConfigurationPlatforms) = preSolution
		Debug|Any CPU = Debug|Any CPU
		Release|Any CPU = Release|Any CPU
	EndGlobalSection
	GlobalSection(ProjectConfigurationPlatforms) = postSolution
		{95154FBF-701A-45EC-B9A0-6F7D3E43EEEA}.Debug|Any CPU.ActiveCfg = Debug|Any CPU
		{95154FBF-701A-45EC-B9A0-6F7D3E43EEEA}.Debug|Any CPU.Build.0 = Debug|Any CPU
		{95154FBF-701A-45EC-B9A0-6F7D3E43EEEA}.Release|Any CPU.ActiveCfg = Release|Any CPU
		{95154FBF-701A-45EC-B9A0-6F7D3E43EEEA}.Release|Any CPU.Build.0 = Release|Any CPU
	EndGlobalSection
	GlobalSection(SolutionProperties) = preSolution
		HideSolutionNode = FALSE
	EndGlobalSection
	GlobalSection(ExtensibilityGlobals) = postSolution
		SolutionGuid = {1D6E682B-A8CA-4CA0-AACE-867D15B330E6}
	EndGlobalSection
EndGlobal
